
Microsoft Visual Studio Solution File, Format Version 12.00
# Visual Studio Version 17
VisualStudioVersion = 17.5.33516.290
MinimumVisualStudioVersion = 10.0.40219.1
Project("{9A19103F-16F7-4668-BE54-9A1E7A4F7556}") = "WebTest", "WebTest\WebTest.csproj", "{1908998C-6DFB-44AC-96EE-E659ED124149}"
EndProject
Project("{9A19103F-16F7-4668-BE54-9A1E7A4F7556}") = "SlickRepo", "SlickRepo\SlickRepo.csproj", "{23B15B94-B670-4E9E-BED8-9D8454B91813}"
EndProject
Project("{2150E333-8FDC-42A3-9474-1A3956D46DE8}") = "Solution Items", "Solution Items", "{4BA17046-2E3A-4C30-80DC-AA74B6D60186}"
	ProjectSection(SolutionItems) = preProject
		README.md = README.md
	EndProjectSection
EndProject
Global
	GlobalSection(SolutionConfigurationPlatforms) = preSolution
		Debug|Any CPU = Debug|Any CPU
		Release|Any CPU = Release|Any CPU
	EndGlobalSection
	GlobalSection(ProjectConfigurationPlatforms) = postSolution
		{1908998C-6DFB-44AC-96EE-E659ED124149}.Debug|Any CPU.ActiveCfg = Debug|Any CPU
		{1908998C-6DFB-44AC-96EE-E659ED124149}.Debug|Any CPU.Build.0 = Debug|Any CPU
		{1908998C-6DFB-44AC-96EE-E659ED124149}.Release|Any CPU.ActiveCfg = Release|Any CPU
		{1908998C-6DFB-44AC-96EE-E659ED124149}.Release|Any CPU.Build.0 = Release|Any CPU
		{23B15B94-B670-4E9E-BED8-9D8454B91813}.Debug|Any CPU.ActiveCfg = Debug|Any CPU
		{23B15B94-B670-4E9E-BED8-9D8454B91813}.Debug|Any CPU.Build.0 = Debug|Any CPU
		{23B15B94-B670-4E9E-BED8-9D8454B91813}.Release|Any CPU.ActiveCfg = Release|Any CPU
		{23B15B94-B670-4E9E-BED8-9D8454B91813}.Release|Any CPU.Build.0 = Release|Any CPU
	EndGlobalSection
	GlobalSection(SolutionProperties) = preSolution
		HideSolutionNode = FALSE
	EndGlobalSection
	GlobalSection(ExtensibilityGlobals) = postSolution
		SolutionGuid = {9D044B1D-404A-4044-9445-8FA126173AAB}
	EndGlobalSection
EndGlobal
